// !$*UTF8*$!
{
	archiveVersion = 1;
	classes = {
	};
	objectVersion = 46;
	objects = {

/* Begin PBXBuildFile section */
		71625EDC1A2F5C6F00BD5980 /* PlayButtonScript.txt in Resources */ = {isa = PBXBuildFile; fileRef = 71625EDB1A2F5C6F00BD5980 /* PlayButtonScript.txt */; };
		71CF39F81A2B679D005DDE84 /* AppDelegate.m in Sources */ = {isa = PBXBuildFile; fileRef = 71CF39F71A2B679D005DDE84 /* AppDelegate.m */; };
		71CF39FA1A2B679D005DDE84 /* main.m in Sources */ = {isa = PBXBuildFile; fileRef = 71CF39F91A2B679D005DDE84 /* main.m */; };
		71CF39FC1A2B679D005DDE84 /* Images.xcassets in Resources */ = {isa = PBXBuildFile; fileRef = 71CF39FB1A2B679D005DDE84 /* Images.xcassets */; };
		71CF39FF1A2B679D005DDE84 /* MainMenu.xib in Resources */ = {isa = PBXBuildFile; fileRef = 71CF39FD1A2B679D005DDE84 /* MainMenu.xib */; };
		71CF3A0B1A2B679D005DDE84 /* SoundCloudStatusBarTests.m in Sources */ = {isa = PBXBuildFile; fileRef = 71CF3A0A1A2B679D005DDE84 /* SoundCloudStatusBarTests.m */; };
		71CF3A1A1A2B7040005DDE84 /* WebKit.framework in Frameworks */ = {isa = PBXBuildFile; fileRef = 71CF3A191A2B7040005DDE84 /* WebKit.framework */; };
		71CF3A291A2C50CC005DDE84 /* INAppStoreWindowSwizzling.c in Sources */ = {isa = PBXBuildFile; fileRef = 71CF3A1E1A2C50CC005DDE84 /* INAppStoreWindowSwizzling.c */; };
		71CF3A2A1A2C50CC005DDE84 /* INWindowBackgroundView+CoreUIRendering.m in Sources */ = {isa = PBXBuildFile; fileRef = 71CF3A211A2C50CC005DDE84 /* INWindowBackgroundView+CoreUIRendering.m */; };
		71CF3A2B1A2C50CC005DDE84 /* NSDocument+INAppStoreWindowFixes.m in Sources */ = {isa = PBXBuildFile; fileRef = 71CF3A231A2C50CC005DDE84 /* NSDocument+INAppStoreWindowFixes.m */; };
		71CF3A2C1A2C50CC005DDE84 /* INAppStoreWindow.m in Sources */ = {isa = PBXBuildFile; fileRef = 71CF3A251A2C50CC005DDE84 /* INAppStoreWindow.m */; };
		71CF3A2D1A2C50CC005DDE84 /* INWindowButton.m in Sources */ = {isa = PBXBuildFile; fileRef = 71CF3A281A2C50CC005DDE84 /* INWindowButton.m */; };
		71CF3A331A2DDBDD005DDE84 /* TrackTitleView.m in Sources */ = {isa = PBXBuildFile; fileRef = 71CF3A321A2DDBDD005DDE84 /* TrackTitleView.m */; };
		71CF3A371A2DF893005DDE84 /* GTMNSString+HTML.m in Sources */ = {isa = PBXBuildFile; fileRef = 71CF3A361A2DF893005DDE84 /* GTMNSString+HTML.m */; };
		71CF3A3A1A2E4D2B005DDE84 /* SCModel.m in Sources */ = {isa = PBXBuildFile; fileRef = 71CF3A391A2E4D2B005DDE84 /* SCModel.m */; };
		71CF3A3C1A2E5725005DDE84 /* SCModelTests.m in Sources */ = {isa = PBXBuildFile; fileRef = 71CF3A3B1A2E5724005DDE84 /* SCModelTests.m */; };
		71E54E2B1A2F1B4F00F7EE2E /* StatusMenuView.xib in Resources */ = {isa = PBXBuildFile; fileRef = 71E54E2A1A2F1B4F00F7EE2E /* StatusMenuView.xib */; };
		71E54E2E1A2F1E7F00F7EE2E /* StatusMenuView.m in Sources */ = {isa = PBXBuildFile; fileRef = 71E54E2D1A2F1E7F00F7EE2E /* StatusMenuView.m */; };
		A43364861A35ED290090F2BF /* WebViewWindowController.m in Sources */ = {isa = PBXBuildFile; fileRef = A43364841A35ED290090F2BF /* WebViewWindowController.m */; };
		A43364871A35ED290090F2BF /* WebViewWindowController.xib in Resources */ = {isa = PBXBuildFile; fileRef = A43364851A35ED290090F2BF /* WebViewWindowController.xib */; };
		A4F5A6171A35C4DA0008EB37 /* WAYAppStoreWindow.m in Sources */ = {isa = PBXBuildFile; fileRef = A4F5A6141A35C4DA0008EB37 /* WAYAppStoreWindow.m */; };
		A4F5A6181A35C4DA0008EB37 /* WAYWindow.m in Sources */ = {isa = PBXBuildFile; fileRef = A4F5A6161A35C4DA0008EB37 /* WAYWindow.m */; };
		A4F5A61A1A35C62B0008EB37 /* TrackTitleView.xib in Resources */ = {isa = PBXBuildFile; fileRef = A4F5A6191A35C62B0008EB37 /* TrackTitleView.xib */; };
/* End PBXBuildFile section */

/* Begin PBXContainerItemProxy section */
		71CF3A051A2B679D005DDE84 /* PBXContainerItemProxy */ = {
			isa = PBXContainerItemProxy;
			containerPortal = 71CF39E91A2B679C005DDE84 /* Project object */;
			proxyType = 1;
			remoteGlobalIDString = 71CF39F01A2B679D005DDE84;
			remoteInfo = SoundCloudStatusBar;
		};
/* End PBXContainerItemProxy section */

/* Begin PBXFileReference section */
		71625EDB1A2F5C6F00BD5980 /* PlayButtonScript.txt */ = {isa = PBXFileReference; fileEncoding = 4; lastKnownFileType = text; path = PlayButtonScript.txt; sourceTree = "<group>"; };
		71CF39F11A2B679D005DDE84 /* SoundCloudStatusBar.app */ = {isa = PBXFileReference; explicitFileType = wrapper.application; includeInIndex = 0; path = SoundCloudStatusBar.app; sourceTree = BUILT_PRODUCTS_DIR; };
		71CF39F51A2B679D005DDE84 /* Info.plist */ = {isa = PBXFileReference; lastKnownFileType = text.plist.xml; path = Info.plist; sourceTree = "<group>"; };
		71CF39F61A2B679D005DDE84 /* AppDelegate.h */ = {isa = PBXFileReference; lastKnownFileType = sourcecode.c.h; path = AppDelegate.h; sourceTree = "<group>"; };
		71CF39F71A2B679D005DDE84 /* AppDelegate.m */ = {isa = PBXFileReference; lastKnownFileType = sourcecode.c.objc; path = AppDelegate.m; sourceTree = "<group>"; };
		71CF39F91A2B679D005DDE84 /* main.m */ = {isa = PBXFileReference; lastKnownFileType = sourcecode.c.objc; path = main.m; sourceTree = "<group>"; };
		71CF39FB1A2B679D005DDE84 /* Images.xcassets */ = {isa = PBXFileReference; lastKnownFileType = folder.assetcatalog; path = Images.xcassets; sourceTree = "<group>"; };
		71CF39FE1A2B679D005DDE84 /* Base */ = {isa = PBXFileReference; lastKnownFileType = file.xib; name = Base; path = Base.lproj/MainMenu.xib; sourceTree = "<group>"; };
		71CF3A041A2B679D005DDE84 /* SoundCloudStatusBarTests.xctest */ = {isa = PBXFileReference; explicitFileType = wrapper.cfbundle; includeInIndex = 0; path = SoundCloudStatusBarTests.xctest; sourceTree = BUILT_PRODUCTS_DIR; };
		71CF3A091A2B679D005DDE84 /* Info.plist */ = {isa = PBXFileReference; lastKnownFileType = text.plist.xml; path = Info.plist; sourceTree = "<group>"; };
		71CF3A0A1A2B679D005DDE84 /* SoundCloudStatusBarTests.m */ = {isa = PBXFileReference; lastKnownFileType = sourcecode.c.objc; path = SoundCloudStatusBarTests.m; sourceTree = "<group>"; };
		71CF3A191A2B7040005DDE84 /* WebKit.framework */ = {isa = PBXFileReference; lastKnownFileType = wrapper.framework; name = WebKit.framework; path = System/Library/Frameworks/WebKit.framework; sourceTree = SDKROOT; };
		71CF3A1E1A2C50CC005DDE84 /* INAppStoreWindowSwizzling.c */ = {isa = PBXFileReference; fileEncoding = 4; lastKnownFileType = sourcecode.c.c; path = INAppStoreWindowSwizzling.c; sourceTree = "<group>"; };
		71CF3A1F1A2C50CC005DDE84 /* INAppStoreWindowSwizzling.h */ = {isa = PBXFileReference; fileEncoding = 4; lastKnownFileType = sourcecode.c.h; path = INAppStoreWindowSwizzling.h; sourceTree = "<group>"; };
		71CF3A201A2C50CC005DDE84 /* INWindowBackgroundView+CoreUIRendering.h */ = {isa = PBXFileReference; fileEncoding = 4; lastKnownFileType = sourcecode.c.h; path = "INWindowBackgroundView+CoreUIRendering.h"; sourceTree = "<group>"; };
		71CF3A211A2C50CC005DDE84 /* INWindowBackgroundView+CoreUIRendering.m */ = {isa = PBXFileReference; fileEncoding = 4; lastKnownFileType = sourcecode.c.objc; path = "INWindowBackgroundView+CoreUIRendering.m"; sourceTree = "<group>"; };
		71CF3A221A2C50CC005DDE84 /* NSDocument+INAppStoreWindowFixes.h */ = {isa = PBXFileReference; fileEncoding = 4; lastKnownFileType = sourcecode.c.h; path = "NSDocument+INAppStoreWindowFixes.h"; sourceTree = "<group>"; };
		71CF3A231A2C50CC005DDE84 /* NSDocument+INAppStoreWindowFixes.m */ = {isa = PBXFileReference; fileEncoding = 4; lastKnownFileType = sourcecode.c.objc; path = "NSDocument+INAppStoreWindowFixes.m"; sourceTree = "<group>"; };
		71CF3A241A2C50CC005DDE84 /* INAppStoreWindow.h */ = {isa = PBXFileReference; fileEncoding = 4; lastKnownFileType = sourcecode.c.h; path = INAppStoreWindow.h; sourceTree = "<group>"; };
		71CF3A251A2C50CC005DDE84 /* INAppStoreWindow.m */ = {isa = PBXFileReference; fileEncoding = 4; lastKnownFileType = sourcecode.c.objc; path = INAppStoreWindow.m; sourceTree = "<group>"; };
		71CF3A261A2C50CC005DDE84 /* INAppStoreWindowCompatibility.h */ = {isa = PBXFileReference; fileEncoding = 4; lastKnownFileType = sourcecode.c.h; path = INAppStoreWindowCompatibility.h; sourceTree = "<group>"; };
		71CF3A271A2C50CC005DDE84 /* INWindowButton.h */ = {isa = PBXFileReference; fileEncoding = 4; lastKnownFileType = sourcecode.c.h; path = INWindowButton.h; sourceTree = "<group>"; };
		71CF3A281A2C50CC005DDE84 /* INWindowButton.m */ = {isa = PBXFileReference; fileEncoding = 4; lastKnownFileType = sourcecode.c.objc; path = INWindowButton.m; sourceTree = "<group>"; };
		71CF3A311A2DDBDD005DDE84 /* TrackTitleView.h */ = {isa = PBXFileReference; fileEncoding = 4; lastKnownFileType = sourcecode.c.h; path = TrackTitleView.h; sourceTree = "<group>"; };
		71CF3A321A2DDBDD005DDE84 /* TrackTitleView.m */ = {isa = PBXFileReference; fileEncoding = 4; lastKnownFileType = sourcecode.c.objc; path = TrackTitleView.m; sourceTree = "<group>"; };
		71CF3A351A2DF893005DDE84 /* GTMNSString+HTML.h */ = {isa = PBXFileReference; fileEncoding = 4; lastKnownFileType = sourcecode.c.h; path = "GTMNSString+HTML.h"; sourceTree = "<group>"; };
		71CF3A361A2DF893005DDE84 /* GTMNSString+HTML.m */ = {isa = PBXFileReference; fileEncoding = 4; lastKnownFileType = sourcecode.c.objc; path = "GTMNSString+HTML.m"; sourceTree = "<group>"; };
		71CF3A381A2E4D2B005DDE84 /* SCModel.h */ = {isa = PBXFileReference; fileEncoding = 4; lastKnownFileType = sourcecode.c.h; path = SCModel.h; sourceTree = "<group>"; };
		71CF3A391A2E4D2B005DDE84 /* SCModel.m */ = {isa = PBXFileReference; fileEncoding = 4; lastKnownFileType = sourcecode.c.objc; path = SCModel.m; sourceTree = "<group>"; };
		71CF3A3B1A2E5724005DDE84 /* SCModelTests.m */ = {isa = PBXFileReference; fileEncoding = 4; lastKnownFileType = sourcecode.c.objc; path = SCModelTests.m; sourceTree = "<group>"; };
		71E54E2A1A2F1B4F00F7EE2E /* StatusMenuView.xib */ = {isa = PBXFileReference; fileEncoding = 4; lastKnownFileType = file.xib; path = StatusMenuView.xib; sourceTree = "<group>"; };
		71E54E2C1A2F1E7F00F7EE2E /* StatusMenuView.h */ = {isa = PBXFileReference; fileEncoding = 4; lastKnownFileType = sourcecode.c.h; path = StatusMenuView.h; sourceTree = "<group>"; };
		71E54E2D1A2F1E7F00F7EE2E /* StatusMenuView.m */ = {isa = PBXFileReference; fileEncoding = 4; lastKnownFileType = sourcecode.c.objc; path = StatusMenuView.m; sourceTree = "<group>"; };
		A43364831A35ED290090F2BF /* WebViewWindowController.h */ = {isa = PBXFileReference; fileEncoding = 4; lastKnownFileType = sourcecode.c.h; path = WebViewWindowController.h; sourceTree = "<group>"; };
		A43364841A35ED290090F2BF /* WebViewWindowController.m */ = {isa = PBXFileReference; fileEncoding = 4; lastKnownFileType = sourcecode.c.objc; path = WebViewWindowController.m; sourceTree = "<group>"; };
		A43364851A35ED290090F2BF /* WebViewWindowController.xib */ = {isa = PBXFileReference; fileEncoding = 4; lastKnownFileType = file.xib; path = WebViewWindowController.xib; sourceTree = "<group>"; };
		A4F5A6131A35C4DA0008EB37 /* WAYAppStoreWindow.h */ = {isa = PBXFileReference; fileEncoding = 4; lastKnownFileType = sourcecode.c.h; path = WAYAppStoreWindow.h; sourceTree = "<group>"; };
		A4F5A6141A35C4DA0008EB37 /* WAYAppStoreWindow.m */ = {isa = PBXFileReference; fileEncoding = 4; lastKnownFileType = sourcecode.c.objc; path = WAYAppStoreWindow.m; sourceTree = "<group>"; };
		A4F5A6151A35C4DA0008EB37 /* WAYWindow.h */ = {isa = PBXFileReference; fileEncoding = 4; lastKnownFileType = sourcecode.c.h; path = WAYWindow.h; sourceTree = "<group>"; };
		A4F5A6161A35C4DA0008EB37 /* WAYWindow.m */ = {isa = PBXFileReference; fileEncoding = 4; lastKnownFileType = sourcecode.c.objc; path = WAYWindow.m; sourceTree = "<group>"; };
		A4F5A6191A35C62B0008EB37 /* TrackTitleView.xib */ = {isa = PBXFileReference; fileEncoding = 4; lastKnownFileType = file.xib; path = TrackTitleView.xib; sourceTree = "<group>"; };
/* End PBXFileReference section */

/* Begin PBXFrameworksBuildPhase section */
		71CF39EE1A2B679D005DDE84 /* Frameworks */ = {
			isa = PBXFrameworksBuildPhase;
			buildActionMask = 2147483647;
			files = (
				71CF3A1A1A2B7040005DDE84 /* WebKit.framework in Frameworks */,
			);
			runOnlyForDeploymentPostprocessing = 0;
		};
		71CF3A011A2B679D005DDE84 /* Frameworks */ = {
			isa = PBXFrameworksBuildPhase;
			buildActionMask = 2147483647;
			files = (
			);
			runOnlyForDeploymentPostprocessing = 0;
		};
/* End PBXFrameworksBuildPhase section */

/* Begin PBXGroup section */
		71625ED81A2F597300BD5980 /* Custom View */ = {
			isa = PBXGroup;
			children = (
				A4F5A6191A35C62B0008EB37 /* TrackTitleView.xib */,
				71CF3A311A2DDBDD005DDE84 /* TrackTitleView.h */,
				71CF3A321A2DDBDD005DDE84 /* TrackTitleView.m */,
				71E54E2A1A2F1B4F00F7EE2E /* StatusMenuView.xib */,
				71E54E2C1A2F1E7F00F7EE2E /* StatusMenuView.h */,
				71E54E2D1A2F1E7F00F7EE2E /* StatusMenuView.m */,
			);
			name = "Custom View";
			sourceTree = "<group>";
		};
		71625ED91A2F59A300BD5980 /* Model */ = {
			isa = PBXGroup;
			children = (
				71CF3A381A2E4D2B005DDE84 /* SCModel.h */,
				71CF3A391A2E4D2B005DDE84 /* SCModel.m */,
			);
			name = Model;
			sourceTree = "<group>";
		};
		71625EDA1A2F5C5900BD5980 /* Java Script */ = {
			isa = PBXGroup;
			children = (
				71625EDB1A2F5C6F00BD5980 /* PlayButtonScript.txt */,
			);
			name = "Java Script";
			sourceTree = "<group>";
		};
		71625EDD1A2F636A00BD5980 /* Frameworks */ = {
			isa = PBXGroup;
			children = (
				71CF3A191A2B7040005DDE84 /* WebKit.framework */,
			);
			name = Frameworks;
			sourceTree = "<group>";
		};
		71CF39E81A2B679C005DDE84 = {
			isa = PBXGroup;
			children = (
				71625EDD1A2F636A00BD5980 /* Frameworks */,
				71CF3A1B1A2C50BC005DDE84 /* Dependencies */,
				71CF39F31A2B679D005DDE84 /* SoundCloudStatusBar */,
				71CF3A071A2B679D005DDE84 /* SoundCloudStatusBarTests */,
				71CF39F21A2B679D005DDE84 /* Products */,
			);
			sourceTree = "<group>";
		};
		71CF39F21A2B679D005DDE84 /* Products */ = {
			isa = PBXGroup;
			children = (
				71CF39F11A2B679D005DDE84 /* SoundCloudStatusBar.app */,
				71CF3A041A2B679D005DDE84 /* SoundCloudStatusBarTests.xctest */,
			);
			name = Products;
			sourceTree = "<group>";
		};
		71CF39F31A2B679D005DDE84 /* SoundCloudStatusBar */ = {
			isa = PBXGroup;
			children = (
				71625EDA1A2F5C5900BD5980 /* Java Script */,
				71625ED91A2F59A300BD5980 /* Model */,
				71CF3A341A2DF87F005DDE84 /* Categories */,
				71625ED81A2F597300BD5980 /* Custom View */,
				71CF39F61A2B679D005DDE84 /* AppDelegate.h */,
				71CF39F71A2B679D005DDE84 /* AppDelegate.m */,
				71CF39FB1A2B679D005DDE84 /* Images.xcassets */,
				71CF39FD1A2B679D005DDE84 /* MainMenu.xib */,
				71CF39F41A2B679D005DDE84 /* Supporting Files */,
				A43364831A35ED290090F2BF /* WebViewWindowController.h */,
				A43364841A35ED290090F2BF /* WebViewWindowController.m */,
				A43364851A35ED290090F2BF /* WebViewWindowController.xib */,
			);
			path = SoundCloudStatusBar;
			sourceTree = "<group>";
		};
		71CF39F41A2B679D005DDE84 /* Supporting Files */ = {
			isa = PBXGroup;
			children = (
				71CF39F51A2B679D005DDE84 /* Info.plist */,
				71CF39F91A2B679D005DDE84 /* main.m */,
			);
			name = "Supporting Files";
			sourceTree = "<group>";
		};
		71CF3A071A2B679D005DDE84 /* SoundCloudStatusBarTests */ = {
			isa = PBXGroup;
			children = (
				71CF3A0A1A2B679D005DDE84 /* SoundCloudStatusBarTests.m */,
				71CF3A3B1A2E5724005DDE84 /* SCModelTests.m */,
				71CF3A081A2B679D005DDE84 /* Supporting Files */,
			);
			path = SoundCloudStatusBarTests;
			sourceTree = "<group>";
		};
		71CF3A081A2B679D005DDE84 /* Supporting Files */ = {
			isa = PBXGroup;
			children = (
				71CF3A091A2B679D005DDE84 /* Info.plist */,
			);
			name = "Supporting Files";
			sourceTree = "<group>";
		};
		71CF3A1B1A2C50BC005DDE84 /* Dependencies */ = {
			isa = PBXGroup;
			children = (
				A4F5A6121A35C4DA0008EB37 /* WAYAppStoreWindow */,
				71CF3A1C1A2C50CC005DDE84 /* INAppStoreWindow */,
			);
			name = Dependencies;
			sourceTree = "<group>";
		};
		71CF3A1C1A2C50CC005DDE84 /* INAppStoreWindow */ = {
			isa = PBXGroup;
			children = (
				71CF3A1D1A2C50CC005DDE84 /* Extensions */,
				71CF3A241A2C50CC005DDE84 /* INAppStoreWindow.h */,
				71CF3A251A2C50CC005DDE84 /* INAppStoreWindow.m */,
				71CF3A261A2C50CC005DDE84 /* INAppStoreWindowCompatibility.h */,
				71CF3A271A2C50CC005DDE84 /* INWindowButton.h */,
				71CF3A281A2C50CC005DDE84 /* INWindowButton.m */,
			);
			path = INAppStoreWindow;
			sourceTree = "<group>";
		};
		71CF3A1D1A2C50CC005DDE84 /* Extensions */ = {
			isa = PBXGroup;
			children = (
				71CF3A1E1A2C50CC005DDE84 /* INAppStoreWindowSwizzling.c */,
				71CF3A1F1A2C50CC005DDE84 /* INAppStoreWindowSwizzling.h */,
				71CF3A201A2C50CC005DDE84 /* INWindowBackgroundView+CoreUIRendering.h */,
				71CF3A211A2C50CC005DDE84 /* INWindowBackgroundView+CoreUIRendering.m */,
				71CF3A221A2C50CC005DDE84 /* NSDocument+INAppStoreWindowFixes.h */,
				71CF3A231A2C50CC005DDE84 /* NSDocument+INAppStoreWindowFixes.m */,
			);
			path = Extensions;
			sourceTree = "<group>";
		};
		71CF3A341A2DF87F005DDE84 /* Categories */ = {
			isa = PBXGroup;
			children = (
				71CF3A351A2DF893005DDE84 /* GTMNSString+HTML.h */,
				71CF3A361A2DF893005DDE84 /* GTMNSString+HTML.m */,
			);
			name = Categories;
			sourceTree = "<group>";
		};
		A4F5A6121A35C4DA0008EB37 /* WAYAppStoreWindow */ = {
			isa = PBXGroup;
			children = (
				A4F5A6131A35C4DA0008EB37 /* WAYAppStoreWindow.h */,
				A4F5A6141A35C4DA0008EB37 /* WAYAppStoreWindow.m */,
				A4F5A6151A35C4DA0008EB37 /* WAYWindow.h */,
				A4F5A6161A35C4DA0008EB37 /* WAYWindow.m */,
			);
			path = WAYAppStoreWindow;
			sourceTree = "<group>";
		};
/* End PBXGroup section */

/* Begin PBXNativeTarget section */
		71CF39F01A2B679D005DDE84 /* SoundCloudStatusBar */ = {
			isa = PBXNativeTarget;
			buildConfigurationList = 71CF3A0E1A2B679D005DDE84 /* Build configuration list for PBXNativeTarget "SoundCloudStatusBar" */;
			buildPhases = (
				71CF39ED1A2B679D005DDE84 /* Sources */,
				71CF39EE1A2B679D005DDE84 /* Frameworks */,
				71CF39EF1A2B679D005DDE84 /* Resources */,
			);
			buildRules = (
			);
			dependencies = (
			);
			name = SoundCloudStatusBar;
			productName = SoundCloudStatusBar;
			productReference = 71CF39F11A2B679D005DDE84 /* SoundCloudStatusBar.app */;
			productType = "com.apple.product-type.application";
		};
		71CF3A031A2B679D005DDE84 /* SoundCloudStatusBarTests */ = {
			isa = PBXNativeTarget;
			buildConfigurationList = 71CF3A111A2B679D005DDE84 /* Build configuration list for PBXNativeTarget "SoundCloudStatusBarTests" */;
			buildPhases = (
				71CF3A001A2B679D005DDE84 /* Sources */,
				71CF3A011A2B679D005DDE84 /* Frameworks */,
				71CF3A021A2B679D005DDE84 /* Resources */,
			);
			buildRules = (
			);
			dependencies = (
				71CF3A061A2B679D005DDE84 /* PBXTargetDependency */,
			);
			name = SoundCloudStatusBarTests;
			productName = SoundCloudStatusBarTests;
			productReference = 71CF3A041A2B679D005DDE84 /* SoundCloudStatusBarTests.xctest */;
			productType = "com.apple.product-type.bundle.unit-test";
		};
/* End PBXNativeTarget section */

/* Begin PBXProject section */
		71CF39E91A2B679C005DDE84 /* Project object */ = {
			isa = PBXProject;
			attributes = {
				LastUpgradeCheck = 0610;
				ORGANIZATIONNAME = "Alexander Rubin";
				TargetAttributes = {
					71CF39F01A2B679D005DDE84 = {
						CreatedOnToolsVersion = 6.1;
					};
					71CF3A031A2B679D005DDE84 = {
						CreatedOnToolsVersion = 6.1;
						TestTargetID = 71CF39F01A2B679D005DDE84;
					};
				};
			};
			buildConfigurationList = 71CF39EC1A2B679C005DDE84 /* Build configuration list for PBXProject "SoundCloudStatusBar" */;
			compatibilityVersion = "Xcode 3.2";
			developmentRegion = English;
			hasScannedForEncodings = 0;
			knownRegions = (
				en,
				Base,
			);
			mainGroup = 71CF39E81A2B679C005DDE84;
			productRefGroup = 71CF39F21A2B679D005DDE84 /* Products */;
			projectDirPath = "";
			projectRoot = "";
			targets = (
				71CF39F01A2B679D005DDE84 /* SoundCloudStatusBar */,
				71CF3A031A2B679D005DDE84 /* SoundCloudStatusBarTests */,
			);
		};
/* End PBXProject section */

/* Begin PBXResourcesBuildPhase section */
		71CF39EF1A2B679D005DDE84 /* Resources */ = {
			isa = PBXResourcesBuildPhase;
			buildActionMask = 2147483647;
			files = (
				71625EDC1A2F5C6F00BD5980 /* PlayButtonScript.txt in Resources */,
				71CF39FC1A2B679D005DDE84 /* Images.xcassets in Resources */,
				A4F5A61A1A35C62B0008EB37 /* TrackTitleView.xib in Resources */,
				A43364871A35ED290090F2BF /* WebViewWindowController.xib in Resources */,
				71CF39FF1A2B679D005DDE84 /* MainMenu.xib in Resources */,
				71E54E2B1A2F1B4F00F7EE2E /* StatusMenuView.xib in Resources */,
			);
			runOnlyForDeploymentPostprocessing = 0;
		};
		71CF3A021A2B679D005DDE84 /* Resources */ = {
			isa = PBXResourcesBuildPhase;
			buildActionMask = 2147483647;
			files = (
			);
			runOnlyForDeploymentPostprocessing = 0;
		};
/* End PBXResourcesBuildPhase section */

/* Begin PBXSourcesBuildPhase section */
		71CF39ED1A2B679D005DDE84 /* Sources */ = {
			isa = PBXSourcesBuildPhase;
			buildActionMask = 2147483647;
			files = (
				71E54E2E1A2F1E7F00F7EE2E /* StatusMenuView.m in Sources */,
				A4F5A6181A35C4DA0008EB37 /* WAYWindow.m in Sources */,
				71CF3A2A1A2C50CC005DDE84 /* INWindowBackgroundView+CoreUIRendering.m in Sources */,
				71CF3A331A2DDBDD005DDE84 /* TrackTitleView.m in Sources */,
				71CF3A2B1A2C50CC005DDE84 /* NSDocument+INAppStoreWindowFixes.m in Sources */,
				71CF39FA1A2B679D005DDE84 /* main.m in Sources */,
				71CF3A371A2DF893005DDE84 /* GTMNSString+HTML.m in Sources */,
				A43364861A35ED290090F2BF /* WebViewWindowController.m in Sources */,
				71CF3A291A2C50CC005DDE84 /* INAppStoreWindowSwizzling.c in Sources */,
				71CF3A2C1A2C50CC005DDE84 /* INAppStoreWindow.m in Sources */,
				71CF3A2D1A2C50CC005DDE84 /* INWindowButton.m in Sources */,
				A4F5A6171A35C4DA0008EB37 /* WAYAppStoreWindow.m in Sources */,
				71CF39F81A2B679D005DDE84 /* AppDelegate.m in Sources */,
				71CF3A3A1A2E4D2B005DDE84 /* SCModel.m in Sources */,
			);
			runOnlyForDeploymentPostprocessing = 0;
		};
		71CF3A001A2B679D005DDE84 /* Sources */ = {
			isa = PBXSourcesBuildPhase;
			buildActionMask = 2147483647;
			files = (
				71CF3A0B1A2B679D005DDE84 /* SoundCloudStatusBarTests.m in Sources */,
				71CF3A3C1A2E5725005DDE84 /* SCModelTests.m in Sources */,
			);
			runOnlyForDeploymentPostprocessing = 0;
		};
/* End PBXSourcesBuildPhase section */

/* Begin PBXTargetDependency section */
		71CF3A061A2B679D005DDE84 /* PBXTargetDependency */ = {
			isa = PBXTargetDependency;
			target = 71CF39F01A2B679D005DDE84 /* SoundCloudStatusBar */;
			targetProxy = 71CF3A051A2B679D005DDE84 /* PBXContainerItemProxy */;
		};
/* End PBXTargetDependency section */

/* Begin PBXVariantGroup section */
		71CF39FD1A2B679D005DDE84 /* MainMenu.xib */ = {
			isa = PBXVariantGroup;
			children = (
				71CF39FE1A2B679D005DDE84 /* Base */,
			);
			name = MainMenu.xib;
			sourceTree = "<group>";
		};
/* End PBXVariantGroup section */

/* Begin XCBuildConfiguration section */
		71CF3A0C1A2B679D005DDE84 /* Debug */ = {
			isa = XCBuildConfiguration;
			buildSettings = {
				ALWAYS_SEARCH_USER_PATHS = NO;
				CLANG_CXX_LANGUAGE_STANDARD = "gnu++0x";
				CLANG_CXX_LIBRARY = "libc++";
				CLANG_ENABLE_MODULES = YES;
				CLANG_ENABLE_OBJC_ARC = YES;
				CLANG_WARN_BOOL_CONVERSION = YES;
				CLANG_WARN_CONSTANT_CONVERSION = YES;
				CLANG_WARN_DIRECT_OBJC_ISA_USAGE = YES_ERROR;
				CLANG_WARN_EMPTY_BODY = YES;
				CLANG_WARN_ENUM_CONVERSION = YES;
				CLANG_WARN_INT_CONVERSION = YES;
				CLANG_WARN_OBJC_ROOT_CLASS = YES_ERROR;
				CLANG_WARN_UNREACHABLE_CODE = YES;
				CLANG_WARN__DUPLICATE_METHOD_MATCH = YES;
				CODE_SIGN_IDENTITY = "-";
				COPY_PHASE_STRIP = NO;
				ENABLE_STRICT_OBJC_MSGSEND = YES;
				GCC_C_LANGUAGE_STANDARD = gnu99;
				GCC_DYNAMIC_NO_PIC = NO;
				GCC_OPTIMIZATION_LEVEL = 0;
				GCC_PREPROCESSOR_DEFINITIONS = (
					"DEBUG=1",
					"$(inherited)",
				);
				GCC_SYMBOLS_PRIVATE_EXTERN = NO;
				GCC_WARN_64_TO_32_BIT_CONVERSION = YES;
				GCC_WARN_ABOUT_RETURN_TYPE = YES_ERROR;
				GCC_WARN_UNDECLARED_SELECTOR = YES;
				GCC_WARN_UNINITIALIZED_AUTOS = YES_AGGRESSIVE;
				GCC_WARN_UNUSED_FUNCTION = YES;
				GCC_WARN_UNUSED_VARIABLE = YES;
				MACOSX_DEPLOYMENT_TARGET = 10.9;
				MTL_ENABLE_DEBUG_INFO = YES;
				ONLY_ACTIVE_ARCH = YES;
				SDKROOT = macosx;
			};
			name = Debug;
		};
		71CF3A0D1A2B679D005DDE84 /* Release */ = {
			isa = XCBuildConfiguration;
			buildSettings = {
				ALWAYS_SEARCH_USER_PATHS = NO;
				CLANG_CXX_LANGUAGE_STANDARD = "gnu++0x";
				CLANG_CXX_LIBRARY = "libc++";
				CLANG_ENABLE_MODULES = YES;
				CLANG_ENABLE_OBJC_ARC = YES;
				CLANG_WARN_BOOL_CONVERSION = YES;
				CLANG_WARN_CONSTANT_CONVERSION = YES;
				CLANG_WARN_DIRECT_OBJC_ISA_USAGE = YES_ERROR;
				CLANG_WARN_EMPTY_BODY = YES;
				CLANG_WARN_ENUM_CONVERSION = YES;
				CLANG_WARN_INT_CONVERSION = YES;
				CLANG_WARN_OBJC_ROOT_CLASS = YES_ERROR;
				CLANG_WARN_UNREACHABLE_CODE = YES;
				CLANG_WARN__DUPLICATE_METHOD_MATCH = YES;
				CODE_SIGN_IDENTITY = "-";
				COPY_PHASE_STRIP = YES;
				DEBUG_INFORMATION_FORMAT = "dwarf-with-dsym";
				ENABLE_NS_ASSERTIONS = NO;
				ENABLE_STRICT_OBJC_MSGSEND = YES;
				GCC_C_LANGUAGE_STANDARD = gnu99;
				GCC_WARN_64_TO_32_BIT_CONVERSION = YES;
				GCC_WARN_ABOUT_RETURN_TYPE = YES_ERROR;
				GCC_WARN_UNDECLARED_SELECTOR = YES;
				GCC_WARN_UNINITIALIZED_AUTOS = YES_AGGRESSIVE;
				GCC_WARN_UNUSED_FUNCTION = YES;
				GCC_WARN_UNUSED_VARIABLE = YES;
				MACOSX_DEPLOYMENT_TARGET = 10.9;
				MTL_ENABLE_DEBUG_INFO = NO;
				SDKROOT = macosx;
			};
			name = Release;
		};
		71CF3A0F1A2B679D005DDE84 /* Debug */ = {
			isa = XCBuildConfiguration;
			buildSettings = {
				ASSETCATALOG_COMPILER_APPICON_NAME = AppIcon;
				COMBINE_HIDPI_IMAGES = YES;
				INFOPLIST_FILE = SoundCloudStatusBar/Info.plist;
				LD_RUNPATH_SEARCH_PATHS = "$(inherited) @executable_path/../Frameworks";
				PRODUCT_NAME = "$(TARGET_NAME)";
			};
			name = Debug;
		};
		71CF3A101A2B679D005DDE84 /* Release */ = {
			isa = XCBuildConfiguration;
			buildSettings = {
				ASSETCATALOG_COMPILER_APPICON_NAME = AppIcon;
				COMBINE_HIDPI_IMAGES = YES;
				INFOPLIST_FILE = SoundCloudStatusBar/Info.plist;
				LD_RUNPATH_SEARCH_PATHS = "$(inherited) @executable_path/../Frameworks";
				PRODUCT_NAME = "$(TARGET_NAME)";
			};
			name = Release;
		};
		71CF3A121A2B679D005DDE84 /* Debug */ = {
			isa = XCBuildConfiguration;
			buildSettings = {
				BUNDLE_LOADER = "$(TEST_HOST)";
				COMBINE_HIDPI_IMAGES = YES;
				FRAMEWORK_SEARCH_PATHS = (
					"$(DEVELOPER_FRAMEWORKS_DIR)",
					"$(inherited)",
				);
				GCC_PREPROCESSOR_DEFINITIONS = (
					"DEBUG=1",
					"$(inherited)",
				);
				INFOPLIST_FILE = SoundCloudStatusBarTests/Info.plist;
				LD_RUNPATH_SEARCH_PATHS = "$(inherited) @executable_path/../Frameworks @loader_path/../Frameworks";
				PRODUCT_NAME = "$(TARGET_NAME)";
				TEST_HOST = "$(BUILT_PRODUCTS_DIR)/SoundCloudStatusBar.app/Contents/MacOS/SoundCloudStatusBar";
			};
			name = Debug;
		};
		71CF3A131A2B679D005DDE84 /* Release */ = {
			isa = XCBuildConfiguration;
			buildSettings = {
				BUNDLE_LOADER = "$(TEST_HOST)";
				COMBINE_HIDPI_IMAGES = YES;
				FRAMEWORK_SEARCH_PATHS = (
					"$(DEVELOPER_FRAMEWORKS_DIR)",
					"$(inherited)",
				);
				INFOPLIST_FILE = SoundCloudStatusBarTests/Info.plist;
				LD_RUNPATH_SEARCH_PATHS = "$(inherited) @executable_path/../Frameworks @loader_path/../Frameworks";
				PRODUCT_NAME = "$(TARGET_NAME)";
				TEST_HOST = "$(BUILT_PRODUCTS_DIR)/SoundCloudStatusBar.app/Contents/MacOS/SoundCloudStatusBar";
			};
			name = Release;
		};
/* End XCBuildConfiguration section */

/* Begin XCConfigurationList section */
		71CF39EC1A2B679C005DDE84 /* Build configuration list for PBXProject "SoundCloudStatusBar" */ = {
			isa = XCConfigurationList;
			buildConfigurations = (
				71CF3A0C1A2B679D005DDE84 /* Debug */,
				71CF3A0D1A2B679D005DDE84 /* Release */,
			);
			defaultConfigurationIsVisible = 0;
			defaultConfigurationName = Release;
		};
		71CF3A0E1A2B679D005DDE84 /* Build configuration list for PBXNativeTarget "SoundCloudStatusBar" */ = {
			isa = XCConfigurationList;
			buildConfigurations = (
				71CF3A0F1A2B679D005DDE84 /* Debug */,
				71CF3A101A2B679D005DDE84 /* Release */,
			);
			defaultConfigurationIsVisible = 0;
			defaultConfigurationName = Release;
		};
		71CF3A111A2B679D005DDE84 /* Build configuration list for PBXNativeTarget "SoundCloudStatusBarTests" */ = {
			isa = XCConfigurationList;
			buildConfigurations = (
				71CF3A121A2B679D005DDE84 /* Debug */,
				71CF3A131A2B679D005DDE84 /* Release */,
			);
			defaultConfigurationIsVisible = 0;
			defaultConfigurationName = Release;
		};
/* End XCConfigurationList section */
	};
	rootObject = 71CF39E91A2B679C005DDE84 /* Project object */;
}
